{
  "name": "elementary-electron",
  "version": "1.0.0",
  "lockfileVersion": 1,
  "requires": true,
  "dependencies": {
    "acorn": {
      "version": "5.7.3",
      "resolved": "https://registry.npmjs.org/acorn/-/acorn-5.7.3.tgz",
      "integrity": "sha512-T/zvzYRfbVojPWahDsE5evJdHb3oJoQfFbsrKM7w5Zcs++Tr257tia3BmMP8XYVjp1S9RZXQMh7gao96BlqZOw=="
    },
    "async": {
      "version": "0.9.2",
      "resolved": "https://registry.npmjs.org/async/-/async-0.9.2.tgz",
      "integrity": "sha1-rqdNXmHB+JlhO/ZL2mbUx48v0X0="
    },
    "brfs": {
      "version": "1.6.1",
      "resolved": "https://registry.npmjs.org/brfs/-/brfs-1.6.1.tgz",
      "integrity": "sha512-OfZpABRQQf+Xsmju8XE9bDjs+uU4vLREGolP7bDgcpsI17QREyZ4Bl+2KLxxx1kCgA0fAIhKQBaBYh+PEcCqYQ==",
      "requires": {
        "quote-stream": "^1.0.1",
        "resolve": "^1.1.5",
        "static-module": "^2.2.0",
        "through2": "^2.0.0"
      }
    },
    "buffer-equal": {
      "version": "0.0.1",
      "resolved": "https://registry.npmjs.org/buffer-equal/-/buffer-equal-0.0.1.tgz",
      "integrity": "sha1-kbx0sR6kBbyRa8aqkI+q+ltKrEs="
    },
    "buffer-from": {
      "version": "1.1.1",
      "resolved": "https://registry.npmjs.org/buffer-from/-/buffer-from-1.1.1.tgz",
      "integrity": "sha512-MQcXEUbCKtEo7bhqEs6560Hyd4XaovZlO/k9V3hjVUF/zwW7KBVdSK4gIt/bzwS9MbR5qob+F5jusZsb0YQK2A=="
    },
    "cat-picture": {
      "version": "5.1.2",
      "resolved": "https://registry.npmjs.org/cat-picture/-/cat-picture-5.1.2.tgz",
      "integrity": "sha1-jHzrbRxRij5qnZgYy/aMJAVsWMw=",
      "requires": {
        "brfs": "^1.0.0"
      }
    },
    "color": {
      "version": "0.7.3",
      "resolved": "https://registry.npmjs.org/color/-/color-0.7.3.tgz",
      "integrity": "sha1-qzrkvGy4z62110nEDzSuoIgQT4k=",
      "requires": {
        "color-convert": "0.5.x",
        "color-string": "0.2.x"
      }
    },
    "color-convert": {
      "version": "0.5.3",
      "resolved": "https://registry.npmjs.org/color-convert/-/color-convert-0.5.3.tgz",
      "integrity": "sha1-vbbGnOZg+t/+CwAHzER+G59ygr0="
    },
    "color-name": {
      "version": "1.0.1",
      "resolved": "https://registry.npmjs.org/color-name/-/color-name-1.0.1.tgz",
      "integrity": "sha1-azSyspt3FgE5crC51b7c+7Zxjfg="
    },
    "color-string": {
      "version": "0.2.4",
      "resolved": "https://registry.npmjs.org/color-string/-/color-string-0.2.4.tgz",
      "integrity": "sha1-Ih/2QjT3Gqo+E7yMfoyV883Y+Bo=",
      "requires": {
        "color-name": "1.0.x"
      }
    },
    "colorbrewer": {
      "version": "0.0.2",
      "resolved": "https://registry.npmjs.org/colorbrewer/-/colorbrewer-0.0.2.tgz",
      "integrity": "sha1-kPocRBtDar8b+7NSxLWf11480ZQ="
    },
    "combined-stream": {
      "version": "0.0.7",
      "resolved": "https://registry.npmjs.org/combined-stream/-/combined-stream-0.0.7.tgz",
      "integrity": "sha1-ATfmV7qlp1QcV6w3rF/AfXO03B8=",
      "requires": {
        "delayed-stream": "0.0.5"
      }
    },
    "component-emitter": {
      "version": "1.1.2",
      "resolved": "https://registry.npmjs.org/component-emitter/-/component-emitter-1.1.2.tgz",
      "integrity": "sha1-KWWU8nU9qmOZbSrwjRWpURbJrsM="
    },
    "concat-stream": {
      "version": "1.6.2",
      "resolved": "https://registry.npmjs.org/concat-stream/-/concat-stream-1.6.2.tgz",
      "integrity": "sha512-27HBghJxjiZtIk3Ycvn/4kbJk/1uZuJFfuPEns6LaEvpvG1f0hTea8lilrouyo9mVc2GWdcEZ8OLoGmSADlrCw==",
      "requires": {
        "buffer-from": "^1.0.0",
        "inherits": "^2.0.3",
        "readable-stream": "^2.2.2",
        "typedarray": "^0.0.6"
      }
    },
    "convert-source-map": {
      "version": "1.6.0",
      "resolved": "https://registry.npmjs.org/convert-source-map/-/convert-source-map-1.6.0.tgz",
      "integrity": "sha512-eFu7XigvxdZ1ETfbgPBohgyQ/Z++C0eEhTor0qRwBw9unw+L0/6V8wkSuGgzdThkiS5lSpdptOQPD8Ak40a+7A==",
      "requires": {
        "safe-buffer": "~5.1.1"
      }
    },
    "cookiejar": {
      "version": "2.0.1",
      "resolved": "https://registry.npmjs.org/cookiejar/-/cookiejar-2.0.1.tgz",
      "integrity": "sha1-PRJ1L2rfaKiS8zJDNJK9WBK7Zo8="
    },
    "core-util-is": {
      "version": "1.0.2",
      "resolved": "https://registry.npmjs.org/core-util-is/-/core-util-is-1.0.2.tgz",
      "integrity": "sha1-tf1UIgqivFq1eqtxQMlAdUUDwac="
    },
    "d3": {
      "version": "3.5.17",
      "resolved": "https://registry.npmjs.org/d3/-/d3-3.5.17.tgz",
      "integrity": "sha1-vEZ0gAQ3iyGjYMn8fPUjF5B2L7g="
    },
    "d3-arrays": {
      "version": "0.3.1",
      "resolved": "https://registry.npmjs.org/d3-arrays/-/d3-arrays-0.3.1.tgz",
      "integrity": "sha1-OXUCb/hcTF57gDSkwESs672SItI="
    },
    "d3-color": {
      "version": "0.2.8",
      "resolved": "https://registry.npmjs.org/d3-color/-/d3-color-0.2.8.tgz",
      "integrity": "sha1-hNUYmhoyUqpSME9q1d7HZ8fa6tU="
    },
    "d3-format": {
      "version": "0.3.6",
      "resolved": "https://registry.npmjs.org/d3-format/-/d3-format-0.3.6.tgz",
      "integrity": "sha1-a+uO1DmLEeuk42/dDu8PW8jSTxY="
    },
    "d3-interpolate": {
      "version": "0.1.4",
      "resolved": "https://registry.npmjs.org/d3-interpolate/-/d3-interpolate-0.1.4.tgz",
      "integrity": "sha1-GSlewhx8BgTU1hzzapSba5ewiFs=",
      "requires": {
        "d3-color": "~0.2.8"
      }
    },
    "d3-scale": {
      "version": "0.1.5",
      "resolved": "https://registry.npmjs.org/d3-scale/-/d3-scale-0.1.5.tgz",
      "integrity": "sha1-bdOSKtPr8LGUnT0DWiOhtbjT4YU=",
      "requires": {
        "d3-arrays": "~0.3.1",
        "d3-color": "~0.2.8",
        "d3-format": "~0.3.6",
        "d3-interpolate": "~0.1.4",
        "d3-time": "~0.0.7",
        "d3-time-format": "~0.1.5"
      }
    },
    "d3-time": {
      "version": "0.0.7",
      "resolved": "https://registry.npmjs.org/d3-time/-/d3-time-0.0.7.tgz",
      "integrity": "sha1-Zj16kmrThS5LtP2JYY0el7YfEzQ="
    },
    "d3-time-format": {
      "version": "0.1.5",
      "resolved": "https://registry.npmjs.org/d3-time-format/-/d3-time-format-0.1.5.tgz",
      "integrity": "sha1-aH2BpQbFKgLhh9nxTCn02Yl4+3o=",
      "requires": {
        "d3-time": "~0.0.7"
      }
    },
    "debug": {
      "version": "2.6.9",
      "resolved": "https://registry.npmjs.org/debug/-/debug-2.6.9.tgz",
      "integrity": "sha512-bC7ElrdJaJnPbAP+1EotYvqZsb3ecl5wi6Bfi6BJTUcNowp6cvspg0jXznRTKDjm/E7AdgFBVeAPVMNcKGsHMA==",
      "requires": {
        "ms": "2.0.0"
      }
    },
    "deep-is": {
      "version": "0.1.3",
      "resolved": "https://registry.npmjs.org/deep-is/-/deep-is-0.1.3.tgz",
      "integrity": "sha1-s2nW+128E+7PUk+RsHD+7cNXzzQ="
    },
    "delayed-stream": {
      "version": "0.0.5",
      "resolved": "https://registry.npmjs.org/delayed-stream/-/delayed-stream-0.0.5.tgz",
      "integrity": "sha1-1LH0OpPoKW3+AmlPRoC8N6MTxz8="
    },
    "duplexer2": {
      "version": "0.1.4",
      "resolved": "https://registry.npmjs.org/duplexer2/-/duplexer2-0.1.4.tgz",
      "integrity": "sha1-ixLauHjA1p4+eJEFFmKjL8a93ME=",
      "requires": {
        "readable-stream": "^2.0.2"
      }
    },
    "escodegen": {
      "version": "1.9.1",
      "resolved": "https://registry.npmjs.org/escodegen/-/escodegen-1.9.1.tgz",
      "integrity": "sha512-6hTjO1NAWkHnDk3OqQ4YrCuwwmGHL9S3nPlzBOUG/R44rda3wLNrfvQ5fkSGjyhHFKM7ALPKcKGrwvCLe0lC7Q==",
      "requires": {
        "esprima": "^3.1.3",
        "estraverse": "^4.2.0",
        "esutils": "^2.0.2",
        "optionator": "^0.8.1",
        "source-map": "~0.6.1"
      }
    },
    "esprima": {
      "version": "3.1.3",
      "resolved": "https://registry.npmjs.org/esprima/-/esprima-3.1.3.tgz",
      "integrity": "sha1-/cpRzuYTOJXjyI1TXOSdv/YqRjM="
    },
    "estraverse": {
      "version": "4.3.0",
      "resolved": "https://registry.npmjs.org/estraverse/-/estraverse-4.3.0.tgz",
      "integrity": "sha512-39nnKffWz8xN1BU/2c79n9nB9HDzo0niYUqx6xyqUnyoAnQyyWpOTdZEeiCch8BBu515t4wp9ZmgVfVhn9EBpw=="
    },
    "esutils": {
      "version": "2.0.3",
      "resolved": "https://registry.npmjs.org/esutils/-/esutils-2.0.3.tgz",
      "integrity": "sha512-kVscqXk4OCp68SZ0dkgEKVi6/8ij300KBWTJq32P/dYeWTSwK41WyTxalN1eRmA5Z9UU/LX9D7FWSmV9SAYx6g=="
    },
    "extend": {
      "version": "1.2.1",
      "resolved": "https://registry.npmjs.org/extend/-/extend-1.2.1.tgz",
      "integrity": "sha1-oPX9bPyDpf5J72mNYOyKYk3UV2w="
    },
    "falafel": {
      "version": "2.1.0",
      "resolved": "https://registry.npmjs.org/falafel/-/falafel-2.1.0.tgz",
      "integrity": "sha1-lrsXdh2rqU9G0AFzizzt86Z/4Gw=",
      "requires": {
        "acorn": "^5.0.0",
        "foreach": "^2.0.5",
        "isarray": "0.0.1",
        "object-keys": "^1.0.6"
      },
      "dependencies": {
        "isarray": {
          "version": "0.0.1",
          "resolved": "https://registry.npmjs.org/isarray/-/isarray-0.0.1.tgz",
          "integrity": "sha1-ihis/Kmo9Bd+Cav8YDiTmwXR7t8="
        }
      }
    },
    "fast-levenshtein": {
      "version": "2.0.6",
      "resolved": "https://registry.npmjs.org/fast-levenshtein/-/fast-levenshtein-2.0.6.tgz",
      "integrity": "sha1-PYpcZog6FqMMqGQ+hR8Zuqd5eRc="
    },
    "foreach": {
      "version": "2.0.5",
      "resolved": "https://registry.npmjs.org/foreach/-/foreach-2.0.5.tgz",
      "integrity": "sha1-C+4AUBiusmDQo6865ljdATbsG5k="
    },
    "form-data": {
      "version": "0.1.3",
      "resolved": "https://registry.npmjs.org/form-data/-/form-data-0.1.3.tgz",
      "integrity": "sha1-TuQ0bm61Ni6DRKAgdb2NvYxzc+o=",
      "requires": {
        "async": "~0.9.0",
        "combined-stream": "~0.0.4",
        "mime": "~1.2.11"
      }
    },
    "formidable": {
      "version": "1.0.14",
      "resolved": "https://registry.npmjs.org/formidable/-/formidable-1.0.14.tgz",
      "integrity": "sha1-Kz9MQRy7X91pXESEPiojUUpDIxo="
    },
    "function-bind": {
      "version": "1.1.1",
      "resolved": "https://registry.npmjs.org/function-bind/-/function-bind-1.1.1.tgz",
      "integrity": "sha512-yIovAzMX49sF8Yl58fSCWJ5svSLuaibPxXQJFLmBObTuCr0Mf1KiPopGM9NiFjiYBCbfaa2Fh6breQ6ANVTI0A=="
    },
    "geojson-validation": {
      "version": "0.1.6",
      "resolved": "https://registry.npmjs.org/geojson-validation/-/geojson-validation-0.1.6.tgz",
      "integrity": "sha1-sQeUXla+HHrwpt2GipvXBuUrWio="
    },
    "graham_scan": {
      "version": "github:mathisonian/graham_scan_js#ea23ae62cd5ee686a91d4307712b10915b7db6b3",
      "from": "github:mathisonian/graham_scan_js"
    },
    "has": {
      "version": "1.0.3",
      "resolved": "https://registry.npmjs.org/has/-/has-1.0.3.tgz",
      "integrity": "sha512-f2dvO0VU6Oej7RkWJGrehjbzMAjFp5/VKPp5tTpWIV4JHHZK1/BxbFRtf/siA2SWTe09caDmVtYYzWEIbBS4zw==",
      "requires": {
        "function-bind": "^1.1.1"
      }
    },
    "inherits": {
      "version": "2.0.4",
      "resolved": "https://registry.npmjs.org/inherits/-/inherits-2.0.4.tgz",
      "integrity": "sha512-k/vGaX4/Yla3WzyMCvTQOXYeIHvqOKtnqBduzTHpzpQZzAskKMhZ2K+EnBiSM9zGSoIFeMpXKxa4dYeZIQqewQ=="
    },
    "insert-css": {
      "version": "0.2.0",
      "resolved": "https://registry.npmjs.org/insert-css/-/insert-css-0.2.0.tgz",
      "integrity": "sha1-0VeJlxZi2YmcKJd/tiINU4HSRRo="
    },
    "isarray": {
      "version": "1.0.0",
      "resolved": "https://registry.npmjs.org/isarray/-/isarray-1.0.0.tgz",
      "integrity": "sha1-u5NdSFgsuhaMBoNJV6VKPgcSTxE="
    },
    "jquery": {
      "version": "2.2.4",
      "resolved": "https://registry.npmjs.org/jquery/-/jquery-2.2.4.tgz",
      "integrity": "sha1-LInWiJterFIqfuoywUUhVZxsvwI="
    },
    "js-clipper": {
      "version": "1.0.1",
      "resolved": "https://registry.npmjs.org/js-clipper/-/js-clipper-1.0.1.tgz",
      "integrity": "sha1-TWsHQ0pECOfBKeMiAc5m0hR07SE="
    },
    "leaflet": {
      "version": "0.7.7",
      "resolved": "https://registry.npmjs.org/leaflet/-/leaflet-0.7.7.tgz",
      "integrity": "sha1-HjUrpU5j0HZFH6NjyQCJDLLPde4="
    },
    "leaflet.freedraw-browserify": {
      "version": "1.2.5",
      "resolved": "https://registry.npmjs.org/leaflet.freedraw-browserify/-/leaflet.freedraw-browserify-1.2.5.tgz",
      "integrity": "sha1-Kd9GW1ntmbctwdcLnosfQ/AHYTQ=",
      "requires": {
        "d3": "^3.4.13",
        "graham_scan": "github:mathisonian/graham_scan_js",
        "js-clipper": "^1.0.1"
      }
    },
    "levn": {
      "version": "0.3.0",
      "resolved": "https://registry.npmjs.org/levn/-/levn-0.3.0.tgz",
      "integrity": "sha1-OwmSTt+fCDwEkP3UwLxEIeBHZO4=",
      "requires": {
        "prelude-ls": "~1.1.2",
        "type-check": "~0.3.2"
      }
    },
    "lightning-client-utils": {
      "version": "0.6.6",
      "resolved": "https://registry.npmjs.org/lightning-client-utils/-/lightning-client-utils-0.6.6.tgz",
      "integrity": "sha1-B4BT7M3DmOQCKuE1gj3zH43GsUk=",
      "requires": {
        "color": "^0.7.3",
        "colorbrewer": "0.0.2",
        "d3-color": "^0.2.4",
        "d3-scale": "^0.1.1",
        "lodash": "^2.4.1",
        "superagent": "^0.21.0"
      },
      "dependencies": {
        "lodash": {
          "version": "2.4.2",
          "resolved": "https://registry.npmjs.org/lodash/-/lodash-2.4.2.tgz",
          "integrity": "sha1-+t2DS5aDBz2hebPq5tnA0VBT9z4="
        }
      }
    },
    "lightning-image": {
      "version": "0.0.7",
      "resolved": "https://registry.npmjs.org/lightning-image/-/lightning-image-0.0.7.tgz",
      "integrity": "sha1-F53rJ7DApPaU7ej8DrgHjDBIcnI=",
      "requires": {
        "brfs": "^1.4.0",
        "jquery": "^2.1.4",
        "leaflet": "^0.7.3",
        "lightning-client-utils": "^0.6.3",
        "lightning-visualization": "^0.1.0",
        "lodash": "^3.10.0"
      }
    },
    "lightning-image-poly": {
      "version": "0.0.10",
      "resolved": "https://registry.npmjs.org/lightning-image-poly/-/lightning-image-poly-0.0.10.tgz",
      "integrity": "sha1-lbv6goQQtQged9iJvhsxC5YmkW8=",
      "requires": {
        "brfs": "^1.4.0",
        "d3": "^3.5.12",
        "geojson-validation": "^0.1.5",
        "jquery": "^2.1.4",
        "leaflet": "^0.7.3",
        "leaflet.freedraw-browserify": "~1.2.5",
        "lightning-client-utils": "^0.6.3",
        "lightning-image": "^0.0.7",
        "lightning-visualization": "^0.1.5",
        "lodash": "^3.10.0"
      }
    },
    "lightning-visualization": {
      "version": "0.1.5",
      "resolved": "https://registry.npmjs.org/lightning-visualization/-/lightning-visualization-0.1.5.tgz",
      "integrity": "sha1-VTVBxQ0JcL+B3U9ZOI5Jnp6nFL8=",
      "requires": {
        "inherits": "^2.0.1",
        "insert-css": "^0.2.0",
        "lodash": "^3.9.3",
        "qwery": "^4.0.0"
      }
    },
    "lodash": {
      "version": "3.10.1",
      "resolved": "https://registry.npmjs.org/lodash/-/lodash-3.10.1.tgz",
      "integrity": "sha1-W/Rejkm6QYnhfUgnid/RW9FAt7Y="
    },
    "magic-string": {
      "version": "0.22.5",
      "resolved": "https://registry.npmjs.org/magic-string/-/magic-string-0.22.5.tgz",
      "integrity": "sha512-oreip9rJZkzvA8Qzk9HFs8fZGF/u7H/gtrE8EN6RjKJ9kh2HlC+yQ2QezifqTZfGyiuAV0dRv5a+y/8gBb1m9w==",
      "requires": {
        "vlq": "^0.2.2"
      }
    },
    "merge-source-map": {
      "version": "1.0.4",
      "resolved": "https://registry.npmjs.org/merge-source-map/-/merge-source-map-1.0.4.tgz",
      "integrity": "sha1-pd5GU42uhNQRTMXqArR3KmNGcB8=",
      "requires": {
        "source-map": "^0.5.6"
      },
      "dependencies": {
        "source-map": {
          "version": "0.5.7",
          "resolved": "https://registry.npmjs.org/source-map/-/source-map-0.5.7.tgz",
          "integrity": "sha1-igOdLRAh0i0eoUyA2OpGi6LvP8w="
        }
      }
    },
    "methods": {
      "version": "1.0.1",
      "resolved": "https://registry.npmjs.org/methods/-/methods-1.0.1.tgz",
      "integrity": "sha1-dbyRlD3/19oDfPPusO1zoAN80Us="
    },
    "mime": {
      "version": "1.2.11",
      "resolved": "https://registry.npmjs.org/mime/-/mime-1.2.11.tgz",
      "integrity": "sha1-WCA+7Ybjpe8XrtK32evUfwpg3RA="
    },
    "minimist": {
      "version": "1.2.0",
      "resolved": "https://registry.npmjs.org/minimist/-/minimist-1.2.0.tgz",
      "integrity": "sha1-o1AIsg9BOD7sH7kU9M1d95omQoQ="
    },
    "ms": {
      "version": "2.0.0",
      "resolved": "https://registry.npmjs.org/ms/-/ms-2.0.0.tgz",
      "integrity": "sha1-VgiurfwAvmwpAd9fmGF4jeDVl8g="
    },
    "object-inspect": {
      "version": "1.4.1",
      "resolved": "https://registry.npmjs.org/object-inspect/-/object-inspect-1.4.1.tgz",
      "integrity": "sha512-wqdhLpfCUbEsoEwl3FXwGyv8ief1k/1aUdIPCqVnupM6e8l63BEJdiF/0swtn04/8p05tG/T0FrpTlfwvljOdw=="
    },
    "object-keys": {
      "version": "1.1.1",
      "resolved": "https://registry.npmjs.org/object-keys/-/object-keys-1.1.1.tgz",
      "integrity": "sha512-NuAESUOUMrlIXOfHKzD6bpPu3tYt3xvjNdRIQ+FeT0lNb4K8WR70CaDxhuNguS2XG+GjkyMwOzsN5ZktImfhLA=="
    },
    "optionator": {
      "version": "0.8.2",
      "resolved": "https://registry.npmjs.org/optionator/-/optionator-0.8.2.tgz",
      "integrity": "sha1-NkxeQJ0/TWMB1sC0wFu6UBgK62Q=",
      "requires": {
        "deep-is": "~0.1.3",
        "fast-levenshtein": "~2.0.4",
        "levn": "~0.3.0",
        "prelude-ls": "~1.1.2",
        "type-check": "~0.3.2",
        "wordwrap": "~1.0.0"
      }
    },
    "path-parse": {
      "version": "1.0.6",
      "resolved": "https://registry.npmjs.org/path-parse/-/path-parse-1.0.6.tgz",
      "integrity": "sha512-GSmOT2EbHrINBf9SR7CDELwlJ8AENk3Qn7OikK4nFYAu3Ote2+JYNVvkpAEQm3/TLNEJFD/xZJjzyxg3KBWOzw=="
    },
    "prelude-ls": {
      "version": "1.1.2",
      "resolved": "https://registry.npmjs.org/prelude-ls/-/prelude-ls-1.1.2.tgz",
      "integrity": "sha1-IZMqVJ9eUv/ZqCf1cOBL5iqX2lQ="
    },
    "process-nextick-args": {
      "version": "2.0.1",
      "resolved": "https://registry.npmjs.org/process-nextick-args/-/process-nextick-args-2.0.1.tgz",
      "integrity": "sha512-3ouUOpQhtgrbOa17J7+uxOTpITYWaGP7/AhoR3+A+/1e9skrzelGi/dXzEYyvbxubEF6Wn2ypscTKiKJFFn1ag=="
    },
    "qs": {
      "version": "1.2.0",
      "resolved": "https://registry.npmjs.org/qs/-/qs-1.2.0.tgz",
      "integrity": "sha1-7Qeb4oaCFH5v2aNMwrDB4OxkU+4="
    },
    "quote-stream": {
      "version": "1.0.2",
      "resolved": "https://registry.npmjs.org/quote-stream/-/quote-stream-1.0.2.tgz",
      "integrity": "sha1-hJY/jJwmuULhU/7rU6rnRlK34LI=",
      "requires": {
        "buffer-equal": "0.0.1",
        "minimist": "^1.1.3",
        "through2": "^2.0.0"
      }
    },
    "qwery": {
      "version": "4.0.0",
      "resolved": "https://registry.npmjs.org/qwery/-/qwery-4.0.0.tgz",
      "integrity": "sha1-fSHjtPfp7tfmhyj02rTei3MD/r4="
    },
    "readable-stream": {
      "version": "2.3.6",
      "resolved": "https://registry.npmjs.org/readable-stream/-/readable-stream-2.3.6.tgz",
      "integrity": "sha512-tQtKA9WIAhBF3+VLAseyMqZeBjW0AHJoxOtYqSUZNJxauErmLbVm2FW1y+J/YA9dUrAC39ITejlZWhVIwawkKw==",
      "requires": {
        "core-util-is": "~1.0.0",
        "inherits": "~2.0.3",
        "isarray": "~1.0.0",
        "process-nextick-args": "~2.0.0",
        "safe-buffer": "~5.1.1",
        "string_decoder": "~1.1.1",
        "util-deprecate": "~1.0.1"
      }
    },
    "reduce-component": {
      "version": "1.0.1",
      "resolved": "https://registry.npmjs.org/reduce-component/-/reduce-component-1.0.1.tgz",
      "integrity": "sha1-4Mk1QsV0UhvqE98PlIjtgqt3xdo="
    },
    "resolve": {
      "version": "1.12.0",
      "resolved": "https://registry.npmjs.org/resolve/-/resolve-1.12.0.tgz",
      "integrity": "sha512-B/dOmuoAik5bKcD6s6nXDCjzUKnaDvdkRyAk6rsmsKLipWj4797iothd7jmmUhWTfinVMU+wc56rYKsit2Qy4w==",
      "requires": {
        "path-parse": "^1.0.6"
      }
    },
    "safe-buffer": {
      "version": "5.1.2",
      "resolved": "https://registry.npmjs.org/safe-buffer/-/safe-buffer-5.1.2.tgz",
      "integrity": "sha512-Gd2UZBJDkXlY7GbJxfsE8/nvKkUEU1G38c1siN6QP6a9PT9MmHB8GnpscSmMJSoF8LOIrt8ud/wPtojys4G6+g=="
    },
    "shallow-copy": {
      "version": "0.0.1",
      "resolved": "https://registry.npmjs.org/shallow-copy/-/shallow-copy-0.0.1.tgz",
      "integrity": "sha1-QV9CcC1z2BAzApLMXuhurhoRoXA="
    },
    "source-map": {
      "version": "0.6.1",
      "resolved": "https://registry.npmjs.org/source-map/-/source-map-0.6.1.tgz",
      "integrity": "sha512-UjgapumWlbMhkBgzT7Ykc5YXUT46F0iKu8SGXq0bcwP5dz/h0Plj6enJqjz1Zbq2l5WaqYnrVbwWOWMyF3F47g==",
      "optional": true
    },
    "static-eval": {
      "version": "2.0.2",
      "resolved": "https://registry.npmjs.org/static-eval/-/static-eval-2.0.2.tgz",
      "integrity": "sha512-N/D219Hcr2bPjLxPiV+TQE++Tsmrady7TqAJugLy7Xk1EumfDWS/f5dtBbkRCGE7wKKXuYockQoj8Rm2/pVKyg==",
      "requires": {
        "escodegen": "^1.8.1"
      }
    },
    "static-module": {
      "version": "2.2.5",
      "resolved": "https://registry.npmjs.org/static-module/-/static-module-2.2.5.tgz",
      "integrity": "sha512-D8vv82E/Kpmz3TXHKG8PPsCPg+RAX6cbCOyvjM6x04qZtQ47EtJFVwRsdov3n5d6/6ynrOY9XB4JkaZwB2xoRQ==",
      "requires": {
        "concat-stream": "~1.6.0",
        "convert-source-map": "^1.5.1",
        "duplexer2": "~0.1.4",
        "escodegen": "~1.9.0",
        "falafel": "^2.1.0",
        "has": "^1.0.1",
        "magic-string": "^0.22.4",
        "merge-source-map": "1.0.4",
        "object-inspect": "~1.4.0",
        "quote-stream": "~1.0.2",
        "readable-stream": "~2.3.3",
        "shallow-copy": "~0.0.1",
        "static-eval": "^2.0.0",
        "through2": "~2.0.3"
      }
    },
    "string_decoder": {
      "version": "1.1.1",
      "resolved": "https://registry.npmjs.org/string_decoder/-/string_decoder-1.1.1.tgz",
      "integrity": "sha512-n/ShnvDi6FHbbVfviro+WojiFzv+s8MPMHBczVePfUpDJLwoLT0ht1l4YwBCbi8pJAveEEdnkHyPyTP/mzRfwg==",
      "requires": {
        "safe-buffer": "~5.1.0"
      }
    },
    "superagent": {
      "version": "0.21.0",
      "resolved": "https://registry.npmjs.org/superagent/-/superagent-0.21.0.tgz",
      "integrity": "sha1-+xUCeYR1HucVIgDmzSHNbhml3oc=",
      "requires": {
        "component-emitter": "1.1.2",
        "cookiejar": "2.0.1",
        "debug": "2",
        "extend": "~1.2.1",
        "form-data": "0.1.3",
        "formidable": "1.0.14",
        "methods": "1.0.1",
        "mime": "1.2.11",
        "qs": "1.2.0",
        "readable-stream": "1.0.27-1",
        "reduce-component": "1.0.1"
      },
      "dependencies": {
        "isarray": {
          "version": "0.0.1",
          "resolved": "https://registry.npmjs.org/isarray/-/isarray-0.0.1.tgz",
          "integrity": "sha1-ihis/Kmo9Bd+Cav8YDiTmwXR7t8="
        },
        "readable-stream": {
          "version": "1.0.27-1",
          "resolved": "https://registry.npmjs.org/readable-stream/-/readable-stream-1.0.27-1.tgz",
          "integrity": "sha1-a2eYPCA1fO/QfwFlABoW1xDZEHg=",
          "requires": {
            "core-util-is": "~1.0.0",
            "inherits": "~2.0.1",
            "isarray": "0.0.1",
            "string_decoder": "~0.10.x"
          }
        },
        "string_decoder": {
          "version": "0.10.31",
          "resolved": "https://registry.npmjs.org/string_decoder/-/string_decoder-0.10.31.tgz",
          "integrity": "sha1-YuIDvEF2bGwoyfyEMB2rHFMQ+pQ="
        }
      }
    },
    "through2": {
      "version": "2.0.5",
      "resolved": "https://registry.npmjs.org/through2/-/through2-2.0.5.tgz",
      "integrity": "sha512-/mrRod8xqpA+IHSLyGCQ2s8SPHiCDEeQJSep1jqLYeEUClOFG2Qsh+4FU6G9VeqpZnGW/Su8LQGc4YKni5rYSQ==",
      "requires": {
        "readable-stream": "~2.3.6",
        "xtend": "~4.0.1"
      }
    },
    "type-check": {
      "version": "0.3.2",
      "resolved": "https://registry.npmjs.org/type-check/-/type-check-0.3.2.tgz",
      "integrity": "sha1-WITKtRLPHTVeP7eE8wgEsrUg23I=",
      "requires": {
        "prelude-ls": "~1.1.2"
      }
    },
    "typedarray": {
      "version": "0.0.6",
      "resolved": "https://registry.npmjs.org/typedarray/-/typedarray-0.0.6.tgz",
      "integrity": "sha1-hnrHTjhkGHsdPUfZlqeOxciDB3c="
    },
    "util-deprecate": {
      "version": "1.0.2",
      "resolved": "https://registry.npmjs.org/util-deprecate/-/util-deprecate-1.0.2.tgz",
      "integrity": "sha1-RQ1Nyfpw3nMnYvvS1KKJgUGaDM8="
    },
    "vlq": {
      "version": "0.2.3",
      "resolved": "https://registry.npmjs.org/vlq/-/vlq-0.2.3.tgz",
      "integrity": "sha512-DRibZL6DsNhIgYQ+wNdWDL2SL3bKPlVrRiBqV5yuMm++op8W4kGFtaQfCs4KEJn0wBZcHVHJ3eoywX8983k1ow=="
    },
    "wordwrap": {
      "version": "1.0.0",
      "resolved": "https://registry.npmjs.org/wordwrap/-/wordwrap-1.0.0.tgz",
      "integrity": "sha1-J1hIEIkUVqQXHI0CJkQa3pDLyus="
    },
    "xtend": {
      "version": "4.0.2",
      "resolved": "https://registry.npmjs.org/xtend/-/xtend-4.0.2.tgz",
      "integrity": "sha512-LKYU1iAXJXUgAXn9URjiu+MWhyUXHsvfp7mcuYm9dSUKK0/CjtrUwFAxD82/mCWbtLsGjFIad0wIsod4zrTAEQ=="
    }
  }
}
